{
    "_readme": [
        "This file locks the dependencies of your project to a known state",
        "Read more about it at http://getcomposer.org/doc/01-basic-usage.md#composer-lock-the-lock-file"
    ],
    "hash": "2d153692680979d703bd624f0cf2cf5a",
    "packages": [
        {
            "name": "splitice/radical-common",
            "version": "dev-master",
            "source": {
                "type": "git",
                "url": "https://github.com/splitice/radical-common.git",
                "reference": "4214221bbefeee3324287fb2dd24f3890baa67b2"
            },
            "dist": {
                "type": "zip",
                "url": "https://api.github.com/repos/splitice/radical-common/zipball/4214221bbefeee3324287fb2dd24f3890baa67b2",
                "reference": "4214221bbefeee3324287fb2dd24f3890baa67b2",
                "shasum": ""
            },
            "require": {
                "php": ">=5.4",
                "symfony/filesystem": "2.4.0"
            },
            "type": "library",
            "autoload": {
                "psr-0": {
                    "Radical": "src"
                }
            },
            "notification-url": "https://packagist.org/downloads/",
            "description": "radical-common",
            "keywords": [
                "radical-php"
            ],
            "time": "2013-12-15 06:01:59"
        },
        {
            "name": "splitice/radical-html",
            "version": "dev-master",
            "source": {
                "type": "git",
                "url": "https://github.com/splitice/radical-html.git",
                "reference": "522ac67f0f4831ad62fc095436883111cdbd328d"
            },
            "dist": {
                "type": "zip",
                "url": "https://api.github.com/repos/splitice/radical-html/zipball/522ac67f0f4831ad62fc095436883111cdbd328d",
                "reference": "522ac67f0f4831ad62fc095436883111cdbd328d",
                "shasum": ""
            },
            "require": {
                "php": ">=5.4"
            },
            "type": "library",
            "autoload": {
                "psr-0": {
                    "Radical": "src"
                }
            },
            "notification-url": "https://packagist.org/downloads/",
            "description": "radical-html",
            "keywords": [
                "radical-php"
            ],
            "time": "2013-12-15 04:42:35"
        },
        {
            "name": "symfony/filesystem",
            "version": "v2.4.0",
            "target-dir": "Symfony/Component/Filesystem",
            "source": {
                "type": "git",
                "url": "https://github.com/symfony/Filesystem.git",
                "reference": "79acd777762e81d0f3414ca25a602deeeb48240d"
            },
            "dist": {
                "type": "zip",
                "url": "https://api.github.com/repos/symfony/Filesystem/zipball/79acd777762e81d0f3414ca25a602deeeb48240d",
                "reference": "79acd777762e81d0f3414ca25a602deeeb48240d",
                "shasum": ""
            },
            "require": {
                "php": ">=5.3.3"
            },
            "type": "library",
            "extra": {
                "branch-alias": {
                    "dev-master": "2.4-dev"
                }
            },
            "autoload": {
                "psr-0": {
                    "Symfony\\Component\\Filesystem\\": ""
                }
            },
            "notification-url": "https://packagist.org/downloads/",
            "license": [
                "MIT"
            ],
            "authors": [
                {
                    "name": "Fabien Potencier",
                    "email": "fabien@symfony.com"
                },
                {
                    "name": "Symfony Community",
                    "homepage": "http://symfony.com/contributors"
                }
            ],
            "description": "Symfony Filesystem Component",
            "homepage": "http://symfony.com",
            "time": "2013-11-16 15:13:54"
        }
    ],
    "packages-dev": [

    ],
    "aliases": [

    ],
    "minimum-stability": "dev",
    "stability-flags": {
        "splitice/radical-common": 20,
        "splitice/radical-html": 20
    },
    "platform": {
        "php": ">=5.4"
    },
    "platform-dev": [

    ]
}
